{
  "version": 4,
  "terraform_version": "1.2.5",
  "serial": 1,
  "lineage": "656d6d1d-a52e-fbde-6156-9b23a787fa8d",
  "outputs": {},
  "resources": [
    {
      "mode": "managed",
      "type": "github_repository",
      "name": "repo_test_file",
      "provider": "provider[\"registry.terraform.io/hashicorp/github\"]",
      "instances": [
        {
          "schema_version": 0,
          "attributes": {
            "allow_auto_merge": false,
            "allow_merge_commit": true,
            "allow_rebase_merge": true,
            "allow_squash_merge": true,
            "allow_update_branch": false,
            "archive_on_destroy": null,
            "archived": false,
            "auto_init": true,
            "default_branch": "main",
            "delete_branch_on_merge": false,
            "description": "test terraform file",
            "etag": "W/\"cb0ed1b961616a0c6af4ef418e6e9c5f4bd3bebc94d832fbae7c7e5c346da173\"",
            "full_name": "sumant039/terraform_test_repo",
            "git_clone_url": "git://github.com/sumant039/terraform_test_repo.git",
            "gitignore_template": null,
            "has_downloads": false,
            "has_issues": false,
            "has_projects": false,
            "has_wiki": false,
            "homepage_url": "",
            "html_url": "https://github.com/sumant039/terraform_test_repo",
            "http_clone_url": "https://github.com/sumant039/terraform_test_repo.git",
            "id": "terraform_test_repo",
            "ignore_vulnerability_alerts_during_read": null,
            "is_template": false,
            "license_template": null,
            "merge_commit_message": "PR_TITLE",
            "merge_commit_title": "MERGE_MESSAGE",
            "name": "terraform_test_repo",
            "node_id": "R_kgDOIrO2kw",
            "pages": [],
            "private": false,
            "repo_id": 582203027,
            "security_and_analysis": [],
            "squash_merge_commit_message": "COMMIT_MESSAGES",
            "squash_merge_commit_title": "COMMIT_OR_PR_TITLE",
            "ssh_clone_url": "git@github.com:sumant039/terraform_test_repo.git",
            "svn_url": "https://github.com/sumant039/terraform_test_repo",
            "template": [],
            "topics": null,
            "visibility": "public",
            "vulnerability_alerts": false
          },
          "sensitive_attributes": [],
          "private": "bnVsbA=="
        }
      ]
    }
  ]
}
